// !$*UTF8*$!
{
	archiveVersion = 1;
	classes = {
	};
	objectVersion = 50;
	objects = {

/* Begin PBXBuildFile section */
		060E75E7209314400036892D /* n99.mp3 in Resources */ = {isa = PBXBuildFile; fileRef = 060E75E62093143F0036892D /* n99.mp3 */; };
		060E75EC20934C1A0036892D /* image4.jpg in Resources */ = {isa = PBXBuildFile; fileRef = 060E75E820934C170036892D /* image4.jpg */; };
		060E75ED20934C1A0036892D /* image7.png in Resources */ = {isa = PBXBuildFile; fileRef = 060E75E920934C180036892D /* image7.png */; };
		060E75EE20934C1A0036892D /* image5.jpg in Resources */ = {isa = PBXBuildFile; fileRef = 060E75EA20934C180036892D /* image5.jpg */; };
		060E75EF20934C1A0036892D /* image6.jpg in Resources */ = {isa = PBXBuildFile; fileRef = 060E75EB20934C190036892D /* image6.jpg */; };
		06479C0020919A7D00BB3B2D /* AppDelegate.swift in Sources */ = {isa = PBXBuildFile; fileRef = 06479BFF20919A7D00BB3B2D /* AppDelegate.swift */; };
		06479C0220919A7E00BB3B2D /* ViewController.swift in Sources */ = {isa = PBXBuildFile; fileRef = 06479C0120919A7E00BB3B2D /* ViewController.swift */; };
		06479C0520919A7E00BB3B2D /* Main.storyboard in Resources */ = {isa = PBXBuildFile; fileRef = 06479C0320919A7E00BB3B2D /* Main.storyboard */; };
		06479C0720919A8100BB3B2D /* Assets.xcassets in Resources */ = {isa = PBXBuildFile; fileRef = 06479C0620919A8100BB3B2D /* Assets.xcassets */; };
		06479C0A20919A8100BB3B2D /* LaunchScreen.storyboard in Resources */ = {isa = PBXBuildFile; fileRef = 06479C0820919A8100BB3B2D /* LaunchScreen.storyboard */; };
		06479C142091B3D500BB3B2D /* image2.jpg in Resources */ = {isa = PBXBuildFile; fileRef = 06479C112091B3D500BB3B2D /* image2.jpg */; };
		06479C152091B3D500BB3B2D /* image1.jpg in Resources */ = {isa = PBXBuildFile; fileRef = 06479C122091B3D500BB3B2D /* image1.jpg */; };
		06479C162091B3D500BB3B2D /* image3.jpg in Resources */ = {isa = PBXBuildFile; fileRef = 06479C132091B3D500BB3B2D /* image3.jpg */; };
		06479C182091E39A00BB3B2D /* DetailViewController.swift in Sources */ = {isa = PBXBuildFile; fileRef = 06479C172091E39A00BB3B2D /* DetailViewController.swift */; };
/* End PBXBuildFile section */

/* Begin PBXFileReference section */
		060E75E62093143F0036892D /* n99.mp3 */ = {isa = PBXFileReference; lastKnownFileType = audio.mp3; path = n99.mp3; sourceTree = "<group>"; };
		060E75E820934C170036892D /* image4.jpg */ = {isa = PBXFileReference; lastKnownFileType = image.jpeg; path = image4.jpg; sourceTree = "<group>"; };
		060E75E920934C180036892D /* image7.png */ = {isa = PBXFileReference; lastKnownFileType = image.png; path = image7.png; sourceTree = "<group>"; };
		060E75EA20934C180036892D /* image5.jpg */ = {isa = PBXFileReference; lastKnownFileType = image.jpeg; path = image5.jpg; sourceTree = "<group>"; };
		060E75EB20934C190036892D /* image6.jpg */ = {isa = PBXFileReference; lastKnownFileType = image.jpeg; path = image6.jpg; sourceTree = "<group>"; };
		06479BFC20919A7D00BB3B2D /* SlideshowApp.app */ = {isa = PBXFileReference; explicitFileType = wrapper.application; includeInIndex = 0; path = SlideshowApp.app; sourceTree = BUILT_PRODUCTS_DIR; };
		06479BFF20919A7D00BB3B2D /* AppDelegate.swift */ = {isa = PBXFileReference; lastKnownFileType = sourcecode.swift; path = AppDelegate.swift; sourceTree = "<group>"; };
		06479C0120919A7E00BB3B2D /* ViewController.swift */ = {isa = PBXFileReference; lastKnownFileType = sourcecode.swift; path = ViewController.swift; sourceTree = "<group>"; };
		06479C0420919A7E00BB3B2D /* Base */ = {isa = PBXFileReference; lastKnownFileType = file.storyboard; name = Base; path = Base.lproj/Main.storyboard; sourceTree = "<group>"; };
		06479C0620919A8100BB3B2D /* Assets.xcassets */ = {isa = PBXFileReference; lastKnownFileType = folder.assetcatalog; path = Assets.xcassets; sourceTree = "<group>"; };
		06479C0920919A8100BB3B2D /* Base */ = {isa = PBXFileReference; lastKnownFileType = file.storyboard; name = Base; path = Base.lproj/LaunchScreen.storyboard; sourceTree = "<group>"; };
		06479C0B20919A8100BB3B2D /* Info.plist */ = {isa = PBXFileReference; lastKnownFileType = text.plist.xml; path = Info.plist; sourceTree = "<group>"; };
		06479C112091B3D500BB3B2D /* image2.jpg */ = {isa = PBXFileReference; lastKnownFileType = image.jpeg; path = image2.jpg; sourceTree = "<group>"; };
		06479C122091B3D500BB3B2D /* image1.jpg */ = {isa = PBXFileReference; lastKnownFileType = image.jpeg; path = image1.jpg; sourceTree = "<group>"; };
		06479C132091B3D500BB3B2D /* image3.jpg */ = {isa = PBXFileReference; lastKnownFileType = image.jpeg; path = image3.jpg; sourceTree = "<group>"; };
		06479C172091E39A00BB3B2D /* DetailViewController.swift */ = {isa = PBXFileReference; lastKnownFileType = sourcecode.swift; path = DetailViewController.swift; sourceTree = "<group>"; };
/* End PBXFileReference section */

/* Begin PBXFrameworksBuildPhase section */
		06479BF920919A7D00BB3B2D /* Frameworks */ = {
			isa = PBXFrameworksBuildPhase;
			buildActionMask = 2147483647;
			files = (
			);
			runOnlyForDeploymentPostprocessing = 0;
		};
/* End PBXFrameworksBuildPhase section */

/* Begin PBXGroup section */
		06479BF320919A7D00BB3B2D = {
			isa = PBXGroup;
			children = (
				06479BFE20919A7D00BB3B2D /* SlideshowApp */,
				06479BFD20919A7D00BB3B2D /* Products */,
			);
			sourceTree = "<group>";
		};
		06479BFD20919A7D00BB3B2D /* Products */ = {
			isa = PBXGroup;
			children = (
				06479BFC20919A7D00BB3B2D /* SlideshowApp.app */,
			);
			name = Products;
			sourceTree = "<group>";
		};
		06479BFE20919A7D00BB3B2D /* SlideshowApp */ = {
			isa = PBXGroup;
			children = (
				06479BFF20919A7D00BB3B2D /* AppDelegate.swift */,
				06479C0120919A7E00BB3B2D /* ViewController.swift */,
				06479C0320919A7E00BB3B2D /* Main.storyboard */,
				06479C0620919A8100BB3B2D /* Assets.xcassets */,
				06479C122091B3D500BB3B2D /* image1.jpg */,
				06479C112091B3D500BB3B2D /* image2.jpg */,
				06479C132091B3D500BB3B2D /* image3.jpg */,
				060E75E820934C170036892D /* image4.jpg */,
				060E75EA20934C180036892D /* image5.jpg */,
				060E75EB20934C190036892D /* image6.jpg */,
				060E75E920934C180036892D /* image7.png */,
				060E75E62093143F0036892D /* n99.mp3 */,
				06479C0820919A8100BB3B2D /* LaunchScreen.storyboard */,
				06479C0B20919A8100BB3B2D /* Info.plist */,
				06479C172091E39A00BB3B2D /* DetailViewController.swift */,
			);
			path = SlideshowApp;
			sourceTree = "<group>";
		};
/* End PBXGroup section */

/* Begin PBXNativeTarget section */
		06479BFB20919A7D00BB3B2D /* SlideshowApp */ = {
			isa = PBXNativeTarget;
			buildConfigurationList = 06479C0E20919A8100BB3B2D /* Build configuration list for PBXNativeTarget "SlideshowApp" */;
			buildPhases = (
				06479BF820919A7D00BB3B2D /* Sources */,
				06479BF920919A7D00BB3B2D /* Frameworks */,
				06479BFA20919A7D00BB3B2D /* Resources */,
			);
			buildRules = (
			);
			dependencies = (
			);
			name = SlideshowApp;
			productName = SlideshowApp;
			productReference = 06479BFC20919A7D00BB3B2D /* SlideshowApp.app */;
			productType = "com.apple.product-type.application";
		};
/* End PBXNativeTarget section */

/* Begin PBXProject section */
		06479BF420919A7D00BB3B2D /* Project object */ = {
			isa = PBXProject;
			attributes = {
				LastSwiftUpdateCheck = 0930;
				LastUpgradeCheck = 0930;
				ORGANIZATIONNAME = keiichi.funatsuki;
				TargetAttributes = {
					06479BFB20919A7D00BB3B2D = {
						CreatedOnToolsVersion = 9.3;
					};
				};
			};
			buildConfigurationList = 06479BF720919A7D00BB3B2D /* Build configuration list for PBXProject "SlideshowApp" */;
			compatibilityVersion = "Xcode 9.3";
			developmentRegion = en;
			hasScannedForEncodings = 0;
			knownRegions = (
				en,
				Base,
			);
			mainGroup = 06479BF320919A7D00BB3B2D;
			productRefGroup = 06479BFD20919A7D00BB3B2D /* Products */;
			projectDirPath = "";
			projectRoot = "";
			targets = (
				06479BFB20919A7D00BB3B2D /* SlideshowApp */,
			);
		};
/* End PBXProject section */

/* Begin PBXResourcesBuildPhase section */
		06479BFA20919A7D00BB3B2D /* Resources */ = {
			isa = PBXResourcesBuildPhase;
			buildActionMask = 2147483647;
			files = (
				060E75EC20934C1A0036892D /* image4.jpg in Resources */,
				060E75EE20934C1A0036892D /* image5.jpg in Resources */,
				060E75EF20934C1A0036892D /* image6.jpg in Resources */,
				06479C0A20919A8100BB3B2D /* LaunchScreen.storyboard in Resources */,
				06479C152091B3D500BB3B2D /* image1.jpg in Resources */,
				060E75E7209314400036892D /* n99.mp3 in Resources */,
				06479C0720919A8100BB3B2D /* Assets.xcassets in Resources */,
				06479C162091B3D500BB3B2D /* image3.jpg in Resources */,
				060E75ED20934C1A0036892D /* image7.png in Resources */,
				06479C142091B3D500BB3B2D /* image2.jpg in Resources */,
				06479C0520919A7E00BB3B2D /* Main.storyboard in Resources */,
			);
			runOnlyForDeploymentPostprocessing = 0;
		};
/* End PBXResourcesBuildPhase section */

/* Begin PBXSourcesBuildPhase section */
		06479BF820919A7D00BB3B2D /* Sources */ = {
			isa = PBXSourcesBuildPhase;
			buildActionMask = 2147483647;
			files = (
				06479C182091E39A00BB3B2D /* DetailViewController.swift in Sources */,
				06479C0220919A7E00BB3B2D /* ViewController.swift in Sources */,
				06479C0020919A7D00BB3B2D /* AppDelegate.swift in Sources */,
			);
			runOnlyForDeploymentPostprocessing = 0;
		};
/* End PBXSourcesBuildPhase section */

/* Begin PBXVariantGroup section */
		06479C0320919A7E00BB3B2D /* Main.storyboard */ = {
			isa = PBXVariantGroup;
			children = (
				06479C0420919A7E00BB3B2D /* Base */,
			);
			name = Main.storyboard;
			sourceTree = "<group>";
		};
		06479C0820919A8100BB3B2D /* LaunchScreen.storyboard */ = {
			isa = PBXVariantGroup;
			children = (
				06479C0920919A8100BB3B2D /* Base */,
			);
			name = LaunchScreen.storyboard;
			sourceTree = "<group>";
		};
/* End PBXVariantGroup section */

/* Begin XCBuildConfiguration section */
		06479C0C20919A8100BB3B2D /* Debug */ = {
			isa = XCBuildConfiguration;
			buildSettings = {
				ALWAYS_SEARCH_USER_PATHS = NO;
				CLANG_ANALYZER_NONNULL = YES;
				CLANG_ANALYZER_NUMBER_OBJECT_CONVERSION = YES_AGGRESSIVE;
				CLANG_CXX_LANGUAGE_STANDARD = "gnu++14";
				CLANG_CXX_LIBRARY = "libc++";
				CLANG_ENABLE_MODULES = YES;
				CLANG_ENABLE_OBJC_ARC = YES;
				CLANG_ENABLE_OBJC_WEAK = YES;
				CLANG_WARN_BLOCK_CAPTURE_AUTORELEASING = YES;
				CLANG_WARN_BOOL_CONVERSION = YES;
				CLANG_WARN_COMMA = YES;
				CLANG_WARN_CONSTANT_CONVERSION = YES;
				CLANG_WARN_DEPRECATED_OBJC_IMPLEMENTATIONS = YES;
				CLANG_WARN_DIRECT_OBJC_ISA_USAGE = YES_ERROR;
				CLANG_WARN_DOCUMENTATION_COMMENTS = YES;
				CLANG_WARN_EMPTY_BODY = YES;
				CLANG_WARN_ENUM_CONVERSION = YES;
				CLANG_WARN_INFINITE_RECURSION = YES;
				CLANG_WARN_INT_CONVERSION = YES;
				CLANG_WARN_NON_LITERAL_NULL_CONVERSION = YES;
				CLANG_WARN_OBJC_IMPLICIT_RETAIN_SELF = YES;
				CLANG_WARN_OBJC_LITERAL_CONVERSION = YES;
				CLANG_WARN_OBJC_ROOT_CLASS = YES_ERROR;
				CLANG_WARN_RANGE_LOOP_ANALYSIS = YES;
				CLANG_WARN_STRICT_PROTOTYPES = YES;
				CLANG_WARN_SUSPICIOUS_MOVE = YES;
				CLANG_WARN_UNGUARDED_AVAILABILITY = YES_AGGRESSIVE;
				CLANG_WARN_UNREACHABLE_CODE = YES;
				CLANG_WARN__DUPLICATE_METHOD_MATCH = YES;
				CODE_SIGN_IDENTITY = "iPhone Developer";
				COPY_PHASE_STRIP = NO;
				DEBUG_INFORMATION_FORMAT = dwarf;
				ENABLE_STRICT_OBJC_MSGSEND = YES;
				ENABLE_TESTABILITY = YES;
				GCC_C_LANGUAGE_STANDARD = gnu11;
				GCC_DYNAMIC_NO_PIC = NO;
				GCC_NO_COMMON_BLOCKS = YES;
				GCC_OPTIMIZATION_LEVEL = 0;
				GCC_PREPROCESSOR_DEFINITIONS = (
					"DEBUG=1",
					"$(inherited)",
				);
				GCC_WARN_64_TO_32_BIT_CONVERSION = YES;
				GCC_WARN_ABOUT_RETURN_TYPE = YES_ERROR;
				GCC_WARN_UNDECLARED_SELECTOR = YES;
				GCC_WARN_UNINITIALIZED_AUTOS = YES_AGGRESSIVE;
				GCC_WARN_UNUSED_FUNCTION = YES;
				GCC_WARN_UNUSED_VARIABLE = YES;
				IPHONEOS_DEPLOYMENT_TARGET = 11.3;
				MTL_ENABLE_DEBUG_INFO = YES;
				ONLY_ACTIVE_ARCH = YES;
				SDKROOT = iphoneos;
				SWIFT_ACTIVE_COMPILATION_CONDITIONS = DEBUG;
				SWIFT_OPTIMIZATION_LEVEL = "-Onone";
			};
			name = Debug;
		};
		06479C0D20919A8100BB3B2D /* Release */ = {
			isa = XCBuildConfiguration;
			buildSettings = {
				ALWAYS_SEARCH_USER_PATHS = NO;
				CLANG_ANALYZER_NONNULL = YES;
				CLANG_ANALYZER_NUMBER_OBJECT_CONVERSION = YES_AGGRESSIVE;
				CLANG_CXX_LANGUAGE_STANDARD = "gnu++14";
				CLANG_CXX_LIBRARY = "libc++";
				CLANG_ENABLE_MODULES = YES;
				CLANG_ENABLE_OBJC_ARC = YES;
				CLANG_ENABLE_OBJC_WEAK = YES;
				CLANG_WARN_BLOCK_CAPTURE_AUTORELEASING = YES;
				CLANG_WARN_BOOL_CONVERSION = YES;
				CLANG_WARN_COMMA = YES;
				CLANG_WARN_CONSTANT_CONVERSION = YES;
				CLANG_WARN_DEPRECATED_OBJC_IMPLEMENTATIONS = YES;
				CLANG_WARN_DIRECT_OBJC_ISA_USAGE = YES_ERROR;
				CLANG_WARN_DOCUMENTATION_COMMENTS = YES;
				CLANG_WARN_EMPTY_BODY = YES;
				CLANG_WARN_ENUM_CONVERSION = YES;
				CLANG_WARN_INFINITE_RECURSION = YES;
				CLANG_WARN_INT_CONVERSION = YES;
				CLANG_WARN_NON_LITERAL_NULL_CONVERSION = YES;
				CLANG_WARN_OBJC_IMPLICIT_RETAIN_SELF = YES;
				CLANG_WARN_OBJC_LITERAL_CONVERSION = YES;
				CLANG_WARN_OBJC_ROOT_CLASS = YES_ERROR;
				CLANG_WARN_RANGE_LOOP_ANALYSIS = YES;
				CLANG_WARN_STRICT_PROTOTYPES = YES;
				CLANG_WARN_SUSPICIOUS_MOVE = YES;
				CLANG_WARN_UNGUARDED_AVAILABILITY = YES_AGGRESSIVE;
				CLANG_WARN_UNREACHABLE_CODE = YES;
				CLANG_WARN__DUPLICATE_METHOD_MATCH = YES;
				CODE_SIGN_IDENTITY = "iPhone Developer";
				COPY_PHASE_STRIP = NO;
				DEBUG_INFORMATION_FORMAT = "dwarf-with-dsym";
				ENABLE_NS_ASSERTIONS = NO;
				ENABLE_STRICT_OBJC_MSGSEND = YES;
				GCC_C_LANGUAGE_STANDARD = gnu11;
				GCC_NO_COMMON_BLOCKS = YES;
				GCC_WARN_64_TO_32_BIT_CONVERSION = YES;
				GCC_WARN_ABOUT_RETURN_TYPE = YES_ERROR;
				GCC_WARN_UNDECLARED_SELECTOR = YES;
				GCC_WARN_UNINITIALIZED_AUTOS = YES_AGGRESSIVE;
				GCC_WARN_UNUSED_FUNCTION = YES;
				GCC_WARN_UNUSED_VARIABLE = YES;
				IPHONEOS_DEPLOYMENT_TARGET = 11.3;
				MTL_ENABLE_DEBUG_INFO = NO;
				SDKROOT = iphoneos;
				SWIFT_COMPILATION_MODE = wholemodule;
				SWIFT_OPTIMIZATION_LEVEL = "-O";
				VALIDATE_PRODUCT = YES;
			};
			name = Release;
		};
		06479C0F20919A8100BB3B2D /* Debug */ = {
			isa = XCBuildConfiguration;
			buildSettings = {
				ASSETCATALOG_COMPILER_APPICON_NAME = AppIcon;
				CODE_SIGN_STYLE = Automatic;
				DEVELOPMENT_TEAM = LRV8933FJX;
				INFOPLIST_FILE = SlideshowApp/Info.plist;
				LD_RUNPATH_SEARCH_PATHS = (
					"$(inherited)",
					"@executable_path/Frameworks",
				);
				PRODUCT_BUNDLE_IDENTIFIER = jp.techacademy.keiichi.funatsuki.SlideshowApp;
				PRODUCT_NAME = "$(TARGET_NAME)";
				SWIFT_VERSION = 4.0;
				TARGETED_DEVICE_FAMILY = "1,2";
			};
			name = Debug;
		};
		06479C1020919A8100BB3B2D /* Release */ = {
			isa = XCBuildConfiguration;
			buildSettings = {
				ASSETCATALOG_COMPILER_APPICON_NAME = AppIcon;
				CODE_SIGN_STYLE = Automatic;
				DEVELOPMENT_TEAM = LRV8933FJX;
				INFOPLIST_FILE = SlideshowApp/Info.plist;
				LD_RUNPATH_SEARCH_PATHS = (
					"$(inherited)",
					"@executable_path/Frameworks",
				);
				PRODUCT_BUNDLE_IDENTIFIER = jp.techacademy.keiichi.funatsuki.SlideshowApp;
				PRODUCT_NAME = "$(TARGET_NAME)";
				SWIFT_VERSION = 4.0;
				TARGETED_DEVICE_FAMILY = "1,2";
			};
			name = Release;
		};
/* End XCBuildConfiguration section */

/* Begin XCConfigurationList section */
		06479BF720919A7D00BB3B2D /* Build configuration list for PBXProject "SlideshowApp" */ = {
			isa = XCConfigurationList;
			buildConfigurations = (
				06479C0C20919A8100BB3B2D /* Debug */,
				06479C0D20919A8100BB3B2D /* Release */,
			);
			defaultConfigurationIsVisible = 0;
			defaultConfigurationName = Release;
		};
		06479C0E20919A8100BB3B2D /* Build configuration list for PBXNativeTarget "SlideshowApp" */ = {
			isa = XCConfigurationList;
			buildConfigurations = (
				06479C0F20919A8100BB3B2D /* Debug */,
				06479C1020919A8100BB3B2D /* Release */,
			);
			defaultConfigurationIsVisible = 0;
			defaultConfigurationName = Release;
		};
/* End XCConfigurationList section */
	};
	rootObject = 06479BF420919A7D00BB3B2D /* Project object */;
}
